// !$*UTF8*$!
{
	archiveVersion = 1;
	classes = {
	};
	objectVersion = 51;
	objects = {

/* Begin PBXBuildFile section */
		250380592404D064000AB879 /* NotificationBadgeView.swift in Sources */ = {isa = PBXBuildFile; fileRef = 250380582404D064000AB879 /* NotificationBadgeView.swift */; };
		250E98E5238DDBA800EFF82F /* LikeBarView.swift in Sources */ = {isa = PBXBuildFile; fileRef = 250E98E4238DDBA800EFF82F /* LikeBarView.swift */; };
		250E98E9238E10A900EFF82F /* SignedInUser.swift in Sources */ = {isa = PBXBuildFile; fileRef = 250E98E8238E10A900EFF82F /* SignedInUser.swift */; };
		25105793240894D200867832 /* UIStyleExtenstions.swift in Sources */ = {isa = PBXBuildFile; fileRef = 25105792240894D100867832 /* UIStyleExtenstions.swift */; };
		25191AD12431876E0055ABA1 /* EmptyPageView.swift in Sources */ = {isa = PBXBuildFile; fileRef = 25191AD02431876E0055ABA1 /* EmptyPageView.swift */; };
		2537824A22F4D68500888B4C /* AppDelegate.swift in Sources */ = {isa = PBXBuildFile; fileRef = 2537824922F4D68500888B4C /* AppDelegate.swift */; };
		2537824C22F4D68500888B4C /* SearchViewController.swift in Sources */ = {isa = PBXBuildFile; fileRef = 2537824B22F4D68500888B4C /* SearchViewController.swift */; };
		2537824F22F4D68500888B4C /* Main.storyboard in Resources */ = {isa = PBXBuildFile; fileRef = 2537824D22F4D68500888B4C /* Main.storyboard */; };
		2537825222F4D68500888B4C /* palsup_ios.xcdatamodeld in Sources */ = {isa = PBXBuildFile; fileRef = 2537825022F4D68500888B4C /* palsup_ios.xcdatamodeld */; };
		2537825422F4D68600888B4C /* Assets.xcassets in Resources */ = {isa = PBXBuildFile; fileRef = 2537825322F4D68600888B4C /* Assets.xcassets */; };
		2537825722F4D68600888B4C /* LaunchScreen.storyboard in Resources */ = {isa = PBXBuildFile; fileRef = 2537825522F4D68600888B4C /* LaunchScreen.storyboard */; };
		2537826222F4D68600888B4C /* palsup_iosTests.swift in Sources */ = {isa = PBXBuildFile; fileRef = 2537826122F4D68600888B4C /* palsup_iosTests.swift */; };
		2537826D22F4D68700888B4C /* palsup_iosUITests.swift in Sources */ = {isa = PBXBuildFile; fileRef = 2537826C22F4D68700888B4C /* palsup_iosUITests.swift */; };
		2537827D22F8E00D00888B4C /* SearchButton.swift in Sources */ = {isa = PBXBuildFile; fileRef = 2537827C22F8E00D00888B4C /* SearchButton.swift */; };
		254A7E6323EB63C200763ADF /* PushNotificationProvider.swift in Sources */ = {isa = PBXBuildFile; fileRef = 254A7E6223EB63C200763ADF /* PushNotificationProvider.swift */; };
		2555FD1C2375F6430081545A /* Model.swift in Sources */ = {isa = PBXBuildFile; fileRef = 2555FD1B2375F6430081545A /* Model.swift */; };
		2555FD1E23764E870081545A /* EventListViewController.swift in Sources */ = {isa = PBXBuildFile; fileRef = 2555FD1D23764E870081545A /* EventListViewController.swift */; };
		2555FD262379096E0081545A /* EventConversationViewController.swift in Sources */ = {isa = PBXBuildFile; fileRef = 2555FD252379096E0081545A /* EventConversationViewController.swift */; };
		25648EB0236BCE76005FA0CD /* EventInfoViewController.swift in Sources */ = {isa = PBXBuildFile; fileRef = 25648EAF236BCE76005FA0CD /* EventInfoViewController.swift */; };
		25648EB2236BCF32005FA0CD /* EventDetailView.swift in Sources */ = {isa = PBXBuildFile; fileRef = 25648EB1236BCF32005FA0CD /* EventDetailView.swift */; };
		2565654623B722A900B6C2F2 /* ImagePickerController.swift in Sources */ = {isa = PBXBuildFile; fileRef = 2565654523B722A900B6C2F2 /* ImagePickerController.swift */; };
		2567B42A23E3900500D98B5B /* UserInfoViewController.swift in Sources */ = {isa = PBXBuildFile; fileRef = 2567B42923E3900500D98B5B /* UserInfoViewController.swift */; };
		2567B42C23E3A7B300D98B5B /* VoteBarView.swift in Sources */ = {isa = PBXBuildFile; fileRef = 2567B42B23E3A7B300D98B5B /* VoteBarView.swift */; };
		2567B43023E6694D00D98B5B /* LocationManger.swift in Sources */ = {isa = PBXBuildFile; fileRef = 2567B42F23E6694D00D98B5B /* LocationManger.swift */; };
		2577EF12230492C700D9EA98 /* SearchResultViewController.swift in Sources */ = {isa = PBXBuildFile; fileRef = 2577EF11230492C700D9EA98 /* SearchResultViewController.swift */; };
		2577EF16230614F400D9EA98 /* GqlApi.graphql in Sources */ = {isa = PBXBuildFile; fileRef = 2577EF15230614F400D9EA98 /* GqlApi.graphql */; };
		2577EF1D23061BB400D9EA98 /* GqlClient.swift in Sources */ = {isa = PBXBuildFile; fileRef = 2577EF1C23061BB400D9EA98 /* GqlClient.swift */; };
		258CBE9E23DF818400325E6C /* CircleLabel.swift in Sources */ = {isa = PBXBuildFile; fileRef = 258CBE9D23DF818400325E6C /* CircleLabel.swift */; };
		258CBEA023E2A52E00325E6C /* AttendeesListViewController.swift in Sources */ = {isa = PBXBuildFile; fileRef = 258CBE9F23E2A52E00325E6C /* AttendeesListViewController.swift */; };
		25943DBD2383A2870011774C /* Errors.swift in Sources */ = {isa = PBXBuildFile; fileRef = 25943DBC2383A2870011774C /* Errors.swift */; };
		25943DC12384FB4D0011774C /* PalListViewController.swift in Sources */ = {isa = PBXBuildFile; fileRef = 25943DC02384FB4D0011774C /* PalListViewController.swift */; };
		25943DC32385E7200011774C /* CardCollectionViewCell.swift in Sources */ = {isa = PBXBuildFile; fileRef = 25943DC22385E71F0011774C /* CardCollectionViewCell.swift */; };
		259587F723CCD99F00EBD8C7 /* EditProfileViewController.swift in Sources */ = {isa = PBXBuildFile; fileRef = 259587F623CCD99F00EBD8C7 /* EditProfileViewController.swift */; };
		259587FA23CE3F6900EBD8C7 /* CircleImageView.swift in Sources */ = {isa = PBXBuildFile; fileRef = 259587F923CE3F6900EBD8C7 /* CircleImageView.swift */; };
		259587FC23D27F5100EBD8C7 /* SignUpViewController.swift in Sources */ = {isa = PBXBuildFile; fileRef = 259587FB23D27F5100EBD8C7 /* SignUpViewController.swift */; };
		259587FE23D37A9C00EBD8C7 /* SignUpPhotoViewController.swift in Sources */ = {isa = PBXBuildFile; fileRef = 259587FD23D37A9C00EBD8C7 /* SignUpPhotoViewController.swift */; };
		2595880223D3D8B800EBD8C7 /* SignUpBioViewController.swift in Sources */ = {isa = PBXBuildFile; fileRef = 2595880123D3D8B800EBD8C7 /* SignUpBioViewController.swift */; };
		2595880623D3F26500EBD8C7 /* GeneratedAPI.swift in Sources */ = {isa = PBXBuildFile; fileRef = 2595880523D3F26500EBD8C7 /* GeneratedAPI.swift */; };
		2595880823D7842D00EBD8C7 /* EventPageViewController.swift in Sources */ = {isa = PBXBuildFile; fileRef = 2595880723D7842C00EBD8C7 /* EventPageViewController.swift */; };
		2595880A23D7D18400EBD8C7 /* EventHeaderView.swift in Sources */ = {isa = PBXBuildFile; fileRef = 2595880923D7D18100EBD8C7 /* EventHeaderView.swift */; };
		259902CE23D906F50056132B /* ImageDownloader.swift in Sources */ = {isa = PBXBuildFile; fileRef = 259902CD23D906F50056132B /* ImageDownloader.swift */; };
		259902D023DA35D60056132B /* AvatarBarView.swift in Sources */ = {isa = PBXBuildFile; fileRef = 259902CF23DA35D60056132B /* AvatarBarView.swift */; };
		259902D223DA5CE50056132B /* EditEventViewController.swift in Sources */ = {isa = PBXBuildFile; fileRef = 259902D123DA5CE50056132B /* EditEventViewController.swift */; };
		25B8D64023BF91F900023012 /* Settings.swift in Sources */ = {isa = PBXBuildFile; fileRef = 25B8D63F23BF91F900023012 /* Settings.swift */; };
		25BD3FD823BCCEE400801758 /* ImagePickerCropController.swift in Sources */ = {isa = PBXBuildFile; fileRef = 25BD3FD723BCCEE400801758 /* ImagePickerCropController.swift */; };
		25BD3FDA23BF387F00801758 /* ImageUploader.swift in Sources */ = {isa = PBXBuildFile; fileRef = 25BD3FD923BF387F00801758 /* ImageUploader.swift */; };
		25DFA3A7237B90B3001D0499 /* UIColor+Extensions.swift in Sources */ = {isa = PBXBuildFile; fileRef = 25DFA3A6237B90B3001D0499 /* UIColor+Extensions.swift */; };
		25E94A9923A79A6A00CEEEE2 /* UIStyle.swift in Sources */ = {isa = PBXBuildFile; fileRef = 25E94A9823A79A6A00CEEEE2 /* UIStyle.swift */; };
		25E94A9F23AD46D900CEEEE2 /* InitialViewController.swift in Sources */ = {isa = PBXBuildFile; fileRef = 25E94A9E23AD46D900CEEEE2 /* InitialViewController.swift */; };
		25E94AA123AD475200CEEEE2 /* SignInViewController.swift in Sources */ = {isa = PBXBuildFile; fileRef = 25E94AA023AD475200CEEEE2 /* SignInViewController.swift */; };
		25E97E0D23EE713D007A9B9D /* GoogleService-Info.plist in Resources */ = {isa = PBXBuildFile; fileRef = 25E97E0C23EE713D007A9B9D /* GoogleService-Info.plist */; };
		25E97E0F23F65327007A9B9D /* GqlApiProvider.swift in Sources */ = {isa = PBXBuildFile; fileRef = 25E97E0E23F65327007A9B9D /* GqlApiProvider.swift */; };
		25E97E1323FBCFCB007A9B9D /* APNSNotification.swift in Sources */ = {isa = PBXBuildFile; fileRef = 25E97E1223FBCFCA007A9B9D /* APNSNotification.swift */; };
		25E97E152401FEEE007A9B9D /* TabBarController.swift in Sources */ = {isa = PBXBuildFile; fileRef = 25E97E142401FEEE007A9B9D /* TabBarController.swift */; };
		25ED9B162368C00E0089C901 /* Date.swift in Sources */ = {isa = PBXBuildFile; fileRef = 25ED9B152368C00E0089C901 /* Date.swift */; };
		25ED9B1E236A297D0089C901 /* PalCollectionViewCell.swift in Sources */ = {isa = PBXBuildFile; fileRef = 25ED9B1D236A297D0089C901 /* PalCollectionViewCell.swift */; };
		25ED9B20236A43020089C901 /* EventCollectionViewCell.swift in Sources */ = {isa = PBXBuildFile; fileRef = 25ED9B1F236A43020089C901 /* EventCollectionViewCell.swift */; };
		25ED9B22236B71330089C901 /* PalInfoViewController.swift in Sources */ = {isa = PBXBuildFile; fileRef = 25ED9B21236B71330089C901 /* PalInfoViewController.swift */; };
		25ED9B24236B8CB40089C901 /* UserDetailView.swift in Sources */ = {isa = PBXBuildFile; fileRef = 25ED9B23236B8CB40089C901 /* UserDetailView.swift */; };
		A2455DADED953A826C61206E /* Pods_palsup_ios.framework in Frameworks */ = {isa = PBXBuildFile; fileRef = 4C315E5CF55F9A75A4782597 /* Pods_palsup_ios.framework */; };
		E8720E7EC995001B811F9005 /* Pods_palsup_iosTests.framework in Frameworks */ = {isa = PBXBuildFile; fileRef = F1AEED21643B810318077FA3 /* Pods_palsup_iosTests.framework */; };
		FF3CAB90B2D81B763A91AE7E /* Pods_palsup_iosUITests.framework in Frameworks */ = {isa = PBXBuildFile; fileRef = 238E7C3A1234F0445795075E /* Pods_palsup_iosUITests.framework */; };
/* End PBXBuildFile section */

/* Begin PBXContainerItemProxy section */
		2537825E22F4D68600888B4C /* PBXContainerItemProxy */ = {
			isa = PBXContainerItemProxy;
			containerPortal = 2537823E22F4D68500888B4C /* Project object */;
			proxyType = 1;
			remoteGlobalIDString = 2537824522F4D68500888B4C;
			remoteInfo = palsup.ios;
		};
		2537826922F4D68700888B4C /* PBXContainerItemProxy */ = {
			isa = PBXContainerItemProxy;
			containerPortal = 2537823E22F4D68500888B4C /* Project object */;
			proxyType = 1;
			remoteGlobalIDString = 2537824522F4D68500888B4C;
			remoteInfo = palsup.ios;
		};
/* End PBXContainerItemProxy section */

/* Begin PBXFileReference section */
		238E7C3A1234F0445795075E /* Pods_palsup_iosUITests.framework */ = {isa = PBXFileReference; explicitFileType = wrapper.framework; includeInIndex = 0; path = Pods_palsup_iosUITests.framework; sourceTree = BUILT_PRODUCTS_DIR; };
		250380582404D064000AB879 /* NotificationBadgeView.swift */ = {isa = PBXFileReference; lastKnownFileType = sourcecode.swift; path = NotificationBadgeView.swift; sourceTree = "<group>"; };
		250E98E4238DDBA800EFF82F /* LikeBarView.swift */ = {isa = PBXFileReference; lastKnownFileType = sourcecode.swift; path = LikeBarView.swift; sourceTree = "<group>"; };
		250E98E8238E10A900EFF82F /* SignedInUser.swift */ = {isa = PBXFileReference; lastKnownFileType = sourcecode.swift; path = SignedInUser.swift; sourceTree = "<group>"; };
		25105792240894D100867832 /* UIStyleExtenstions.swift */ = {isa = PBXFileReference; lastKnownFileType = sourcecode.swift; path = UIStyleExtenstions.swift; sourceTree = "<group>"; };
		25191AD02431876E0055ABA1 /* EmptyPageView.swift */ = {isa = PBXFileReference; lastKnownFileType = sourcecode.swift; path = EmptyPageView.swift; sourceTree = "<group>"; };
		2537824622F4D68500888B4C /* Palsup.app */ = {isa = PBXFileReference; explicitFileType = wrapper.application; includeInIndex = 0; path = Palsup.app; sourceTree = BUILT_PRODUCTS_DIR; };
		2537824922F4D68500888B4C /* AppDelegate.swift */ = {isa = PBXFileReference; lastKnownFileType = sourcecode.swift; path = AppDelegate.swift; sourceTree = "<group>"; };
		2537824B22F4D68500888B4C /* SearchViewController.swift */ = {isa = PBXFileReference; lastKnownFileType = sourcecode.swift; path = SearchViewController.swift; sourceTree = "<group>"; };
		2537824E22F4D68500888B4C /* Base */ = {isa = PBXFileReference; lastKnownFileType = file.storyboard; name = Base; path = Base.lproj/Main.storyboard; sourceTree = "<group>"; };
		2537825122F4D68500888B4C /* palsup_ios.xcdatamodel */ = {isa = PBXFileReference; lastKnownFileType = wrapper.xcdatamodel; path = palsup_ios.xcdatamodel; sourceTree = "<group>"; };
		2537825322F4D68600888B4C /* Assets.xcassets */ = {isa = PBXFileReference; lastKnownFileType = folder.assetcatalog; path = Assets.xcassets; sourceTree = "<group>"; };
		2537825622F4D68600888B4C /* Base */ = {isa = PBXFileReference; lastKnownFileType = file.storyboard; name = Base; path = Base.lproj/LaunchScreen.storyboard; sourceTree = "<group>"; };
		2537825822F4D68600888B4C /* Info.plist */ = {isa = PBXFileReference; lastKnownFileType = text.plist.xml; path = Info.plist; sourceTree = "<group>"; };
		2537825D22F4D68600888B4C /* palsup.iosTests.xctest */ = {isa = PBXFileReference; explicitFileType = wrapper.cfbundle; includeInIndex = 0; path = palsup.iosTests.xctest; sourceTree = BUILT_PRODUCTS_DIR; };
		2537826122F4D68600888B4C /* palsup_iosTests.swift */ = {isa = PBXFileReference; lastKnownFileType = sourcecode.swift; path = palsup_iosTests.swift; sourceTree = "<group>"; };
		2537826322F4D68600888B4C /* Info.plist */ = {isa = PBXFileReference; lastKnownFileType = text.plist.xml; path = Info.plist; sourceTree = "<group>"; };
		2537826822F4D68700888B4C /* palsup.iosUITests.xctest */ = {isa = PBXFileReference; explicitFileType = wrapper.cfbundle; includeInIndex = 0; path = palsup.iosUITests.xctest; sourceTree = BUILT_PRODUCTS_DIR; };
		2537826C22F4D68700888B4C /* palsup_iosUITests.swift */ = {isa = PBXFileReference; lastKnownFileType = sourcecode.swift; path = palsup_iosUITests.swift; sourceTree = "<group>"; };
		2537826E22F4D68700888B4C /* Info.plist */ = {isa = PBXFileReference; lastKnownFileType = text.plist.xml; path = Info.plist; sourceTree = "<group>"; };
		2537827C22F8E00D00888B4C /* SearchButton.swift */ = {isa = PBXFileReference; lastKnownFileType = sourcecode.swift; path = SearchButton.swift; sourceTree = "<group>"; };
		254A7E6223EB63C200763ADF /* PushNotificationProvider.swift */ = {isa = PBXFileReference; lastKnownFileType = sourcecode.swift; path = PushNotificationProvider.swift; sourceTree = "<group>"; };
		2555FD1B2375F6430081545A /* Model.swift */ = {isa = PBXFileReference; lastKnownFileType = sourcecode.swift; path = Model.swift; sourceTree = "<group>"; };
		2555FD1D23764E870081545A /* EventListViewController.swift */ = {isa = PBXFileReference; fileEncoding = 4; lastKnownFileType = sourcecode.swift; path = EventListViewController.swift; sourceTree = "<group>"; };
		2555FD252379096E0081545A /* EventConversationViewController.swift */ = {isa = PBXFileReference; lastKnownFileType = sourcecode.swift; path = EventConversationViewController.swift; sourceTree = "<group>"; };
		25648EAF236BCE76005FA0CD /* EventInfoViewController.swift */ = {isa = PBXFileReference; lastKnownFileType = sourcecode.swift; path = EventInfoViewController.swift; sourceTree = "<group>"; };
		25648EB1236BCF32005FA0CD /* EventDetailView.swift */ = {isa = PBXFileReference; lastKnownFileType = sourcecode.swift; path = EventDetailView.swift; sourceTree = "<group>"; };
		2565654523B722A900B6C2F2 /* ImagePickerController.swift */ = {isa = PBXFileReference; lastKnownFileType = sourcecode.swift; path = ImagePickerController.swift; sourceTree = "<group>"; };
		2567B42923E3900500D98B5B /* UserInfoViewController.swift */ = {isa = PBXFileReference; lastKnownFileType = sourcecode.swift; path = UserInfoViewController.swift; sourceTree = "<group>"; };
		2567B42B23E3A7B300D98B5B /* VoteBarView.swift */ = {isa = PBXFileReference; lastKnownFileType = sourcecode.swift; path = VoteBarView.swift; sourceTree = "<group>"; };
		2567B42F23E6694D00D98B5B /* LocationManger.swift */ = {isa = PBXFileReference; lastKnownFileType = sourcecode.swift; path = LocationManger.swift; sourceTree = "<group>"; };
		2577EF11230492C700D9EA98 /* SearchResultViewController.swift */ = {isa = PBXFileReference; lastKnownFileType = sourcecode.swift; path = SearchResultViewController.swift; sourceTree = "<group>"; };
		2577EF15230614F400D9EA98 /* GqlApi.graphql */ = {isa = PBXFileReference; lastKnownFileType = text; path = GqlApi.graphql; sourceTree = "<group>"; };
		2577EF1C23061BB400D9EA98 /* GqlClient.swift */ = {isa = PBXFileReference; lastKnownFileType = sourcecode.swift; path = GqlClient.swift; sourceTree = "<group>"; };
		258CBE9D23DF818400325E6C /* CircleLabel.swift */ = {isa = PBXFileReference; lastKnownFileType = sourcecode.swift; path = CircleLabel.swift; sourceTree = "<group>"; };
		258CBE9F23E2A52E00325E6C /* AttendeesListViewController.swift */ = {isa = PBXFileReference; lastKnownFileType = sourcecode.swift; path = AttendeesListViewController.swift; sourceTree = "<group>"; };
		25943DBC2383A2870011774C /* Errors.swift */ = {isa = PBXFileReference; lastKnownFileType = sourcecode.swift; path = Errors.swift; sourceTree = "<group>"; };
		25943DC02384FB4D0011774C /* PalListViewController.swift */ = {isa = PBXFileReference; lastKnownFileType = sourcecode.swift; path = PalListViewController.swift; sourceTree = "<group>"; };
		25943DC22385E71F0011774C /* CardCollectionViewCell.swift */ = {isa = PBXFileReference; lastKnownFileType = sourcecode.swift; path = CardCollectionViewCell.swift; sourceTree = "<group>"; };
		259587F623CCD99F00EBD8C7 /* EditProfileViewController.swift */ = {isa = PBXFileReference; lastKnownFileType = sourcecode.swift; path = EditProfileViewController.swift; sourceTree = "<group>"; };
		259587F923CE3F6900EBD8C7 /* CircleImageView.swift */ = {isa = PBXFileReference; lastKnownFileType = sourcecode.swift; path = CircleImageView.swift; sourceTree = "<group>"; };
		259587FB23D27F5100EBD8C7 /* SignUpViewController.swift */ = {isa = PBXFileReference; lastKnownFileType = sourcecode.swift; path = SignUpViewController.swift; sourceTree = "<group>"; };
		259587FD23D37A9C00EBD8C7 /* SignUpPhotoViewController.swift */ = {isa = PBXFileReference; lastKnownFileType = sourcecode.swift; path = SignUpPhotoViewController.swift; sourceTree = "<group>"; };
		2595880123D3D8B800EBD8C7 /* SignUpBioViewController.swift */ = {isa = PBXFileReference; lastKnownFileType = sourcecode.swift; path = SignUpBioViewController.swift; sourceTree = "<group>"; };
		2595880523D3F26500EBD8C7 /* GeneratedAPI.swift */ = {isa = PBXFileReference; fileEncoding = 4; lastKnownFileType = sourcecode.swift; path = GeneratedAPI.swift; sourceTree = "<group>"; };
		2595880723D7842C00EBD8C7 /* EventPageViewController.swift */ = {isa = PBXFileReference; lastKnownFileType = sourcecode.swift; path = EventPageViewController.swift; sourceTree = "<group>"; };
		2595880923D7D18100EBD8C7 /* EventHeaderView.swift */ = {isa = PBXFileReference; lastKnownFileType = sourcecode.swift; path = EventHeaderView.swift; sourceTree = "<group>"; };
		25969BC323EA700200B73FB9 /* palsup.ios.entitlements */ = {isa = PBXFileReference; lastKnownFileType = text.plist.entitlements; path = palsup.ios.entitlements; sourceTree = "<group>"; };
		259902CD23D906F50056132B /* ImageDownloader.swift */ = {isa = PBXFileReference; lastKnownFileType = sourcecode.swift; path = ImageDownloader.swift; sourceTree = "<group>"; };
		259902CF23DA35D60056132B /* AvatarBarView.swift */ = {isa = PBXFileReference; lastKnownFileType = sourcecode.swift; path = AvatarBarView.swift; sourceTree = "<group>"; };
		259902D123DA5CE50056132B /* EditEventViewController.swift */ = {isa = PBXFileReference; lastKnownFileType = sourcecode.swift; path = EditEventViewController.swift; sourceTree = "<group>"; };
		25B8D63F23BF91F900023012 /* Settings.swift */ = {isa = PBXFileReference; lastKnownFileType = sourcecode.swift; path = Settings.swift; sourceTree = "<group>"; };
		25BD3FD723BCCEE400801758 /* ImagePickerCropController.swift */ = {isa = PBXFileReference; lastKnownFileType = sourcecode.swift; path = ImagePickerCropController.swift; sourceTree = "<group>"; };
		25BD3FD923BF387F00801758 /* ImageUploader.swift */ = {isa = PBXFileReference; lastKnownFileType = sourcecode.swift; path = ImageUploader.swift; sourceTree = "<group>"; };
		25DFA3A6237B90B3001D0499 /* UIColor+Extensions.swift */ = {isa = PBXFileReference; lastKnownFileType = sourcecode.swift; path = "UIColor+Extensions.swift"; sourceTree = "<group>"; };
		25E94A9823A79A6A00CEEEE2 /* UIStyle.swift */ = {isa = PBXFileReference; lastKnownFileType = sourcecode.swift; path = UIStyle.swift; sourceTree = "<group>"; };
		25E94A9E23AD46D900CEEEE2 /* InitialViewController.swift */ = {isa = PBXFileReference; lastKnownFileType = sourcecode.swift; path = InitialViewController.swift; sourceTree = "<group>"; };
		25E94AA023AD475200CEEEE2 /* SignInViewController.swift */ = {isa = PBXFileReference; lastKnownFileType = sourcecode.swift; path = SignInViewController.swift; sourceTree = "<group>"; };
		25E97E0C23EE713D007A9B9D /* GoogleService-Info.plist */ = {isa = PBXFileReference; fileEncoding = 4; lastKnownFileType = text.plist.xml; path = "GoogleService-Info.plist"; sourceTree = "<group>"; };
		25E97E0E23F65327007A9B9D /* GqlApiProvider.swift */ = {isa = PBXFileReference; lastKnownFileType = sourcecode.swift; path = GqlApiProvider.swift; sourceTree = "<group>"; };
		25E97E1223FBCFCA007A9B9D /* APNSNotification.swift */ = {isa = PBXFileReference; lastKnownFileType = sourcecode.swift; path = APNSNotification.swift; sourceTree = "<group>"; };
		25E97E142401FEEE007A9B9D /* TabBarController.swift */ = {isa = PBXFileReference; lastKnownFileType = sourcecode.swift; path = TabBarController.swift; sourceTree = "<group>"; };
		25ED9B152368C00E0089C901 /* Date.swift */ = {isa = PBXFileReference; lastKnownFileType = sourcecode.swift; path = Date.swift; sourceTree = "<group>"; };
		25ED9B1D236A297D0089C901 /* PalCollectionViewCell.swift */ = {isa = PBXFileReference; lastKnownFileType = sourcecode.swift; path = PalCollectionViewCell.swift; sourceTree = "<group>"; };
		25ED9B1F236A43020089C901 /* EventCollectionViewCell.swift */ = {isa = PBXFileReference; lastKnownFileType = sourcecode.swift; path = EventCollectionViewCell.swift; sourceTree = "<group>"; };
		25ED9B21236B71330089C901 /* PalInfoViewController.swift */ = {isa = PBXFileReference; lastKnownFileType = sourcecode.swift; path = PalInfoViewController.swift; sourceTree = "<group>"; };
		25ED9B23236B8CB40089C901 /* UserDetailView.swift */ = {isa = PBXFileReference; lastKnownFileType = sourcecode.swift; path = UserDetailView.swift; sourceTree = "<group>"; };
		4C315E5CF55F9A75A4782597 /* Pods_palsup_ios.framework */ = {isa = PBXFileReference; explicitFileType = wrapper.framework; includeInIndex = 0; path = Pods_palsup_ios.framework; sourceTree = BUILT_PRODUCTS_DIR; };
		65263BB83FFC69A6F1444DAA /* Pods-palsup.iosUITests.debug.xcconfig */ = {isa = PBXFileReference; includeInIndex = 1; lastKnownFileType = text.xcconfig; name = "Pods-palsup.iosUITests.debug.xcconfig"; path = "Target Support Files/Pods-palsup.iosUITests/Pods-palsup.iosUITests.debug.xcconfig"; sourceTree = "<group>"; };
		6EFD74B1C7604738374F6787 /* Pods-palsup.ios.release.xcconfig */ = {isa = PBXFileReference; includeInIndex = 1; lastKnownFileType = text.xcconfig; name = "Pods-palsup.ios.release.xcconfig"; path = "Target Support Files/Pods-palsup.ios/Pods-palsup.ios.release.xcconfig"; sourceTree = "<group>"; };
		8532107F3546F8A8A0C73F93 /* Pods-palsup.iosUITests.release.xcconfig */ = {isa = PBXFileReference; includeInIndex = 1; lastKnownFileType = text.xcconfig; name = "Pods-palsup.iosUITests.release.xcconfig"; path = "Target Support Files/Pods-palsup.iosUITests/Pods-palsup.iosUITests.release.xcconfig"; sourceTree = "<group>"; };
		B3A04A42FAB424303D87D39C /* Pods-palsup.iosTests.debug.xcconfig */ = {isa = PBXFileReference; includeInIndex = 1; lastKnownFileType = text.xcconfig; name = "Pods-palsup.iosTests.debug.xcconfig"; path = "Target Support Files/Pods-palsup.iosTests/Pods-palsup.iosTests.debug.xcconfig"; sourceTree = "<group>"; };
		D13AA8664961FA7D4BB5AC05 /* Pods-palsup.iosTests.release.xcconfig */ = {isa = PBXFileReference; includeInIndex = 1; lastKnownFileType = text.xcconfig; name = "Pods-palsup.iosTests.release.xcconfig"; path = "Target Support Files/Pods-palsup.iosTests/Pods-palsup.iosTests.release.xcconfig"; sourceTree = "<group>"; };
		EB8C7EFCE352527286EB71EF /* Pods-palsup.ios.debug.xcconfig */ = {isa = PBXFileReference; includeInIndex = 1; lastKnownFileType = text.xcconfig; name = "Pods-palsup.ios.debug.xcconfig"; path = "Target Support Files/Pods-palsup.ios/Pods-palsup.ios.debug.xcconfig"; sourceTree = "<group>"; };
		F1AEED21643B810318077FA3 /* Pods_palsup_iosTests.framework */ = {isa = PBXFileReference; explicitFileType = wrapper.framework; includeInIndex = 0; path = Pods_palsup_iosTests.framework; sourceTree = BUILT_PRODUCTS_DIR; };
/* End PBXFileReference section */

/* Begin PBXFrameworksBuildPhase section */
		2537824322F4D68500888B4C /* Frameworks */ = {
			isa = PBXFrameworksBuildPhase;
			buildActionMask = 2147483647;
			files = (
				A2455DADED953A826C61206E /* Pods_palsup_ios.framework in Frameworks */,
			);
			runOnlyForDeploymentPostprocessing = 0;
		};
		2537825A22F4D68600888B4C /* Frameworks */ = {
			isa = PBXFrameworksBuildPhase;
			buildActionMask = 2147483647;
			files = (
				E8720E7EC995001B811F9005 /* Pods_palsup_iosTests.framework in Frameworks */,
			);
			runOnlyForDeploymentPostprocessing = 0;
		};
		2537826522F4D68700888B4C /* Frameworks */ = {
			isa = PBXFrameworksBuildPhase;
			buildActionMask = 2147483647;
			files = (
				FF3CAB90B2D81B763A91AE7E /* Pods_palsup_iosUITests.framework in Frameworks */,
			);
			runOnlyForDeploymentPostprocessing = 0;
		};
/* End PBXFrameworksBuildPhase section */

/* Begin PBXGroup section */
		016DF0E8163E0582A870A9EA /* Pods */ = {
			isa = PBXGroup;
			children = (
				EB8C7EFCE352527286EB71EF /* Pods-palsup.ios.debug.xcconfig */,
				6EFD74B1C7604738374F6787 /* Pods-palsup.ios.release.xcconfig */,
				B3A04A42FAB424303D87D39C /* Pods-palsup.iosTests.debug.xcconfig */,
				D13AA8664961FA7D4BB5AC05 /* Pods-palsup.iosTests.release.xcconfig */,
				65263BB83FFC69A6F1444DAA /* Pods-palsup.iosUITests.debug.xcconfig */,
				8532107F3546F8A8A0C73F93 /* Pods-palsup.iosUITests.release.xcconfig */,
			);
			path = Pods;
			sourceTree = "<group>";
		};
		11B34AEC0C3CF19CB765C7F6 /* Frameworks */ = {
			isa = PBXGroup;
			children = (
				4C315E5CF55F9A75A4782597 /* Pods_palsup_ios.framework */,
				F1AEED21643B810318077FA3 /* Pods_palsup_iosTests.framework */,
				238E7C3A1234F0445795075E /* Pods_palsup_iosUITests.framework */,
			);
			name = Frameworks;
			sourceTree = "<group>";
		};
		2537823D22F4D68500888B4C = {
			isa = PBXGroup;
			children = (
				2537824822F4D68500888B4C /* palsup.ios */,
				2537826022F4D68600888B4C /* palsup.iosTests */,
				2537826B22F4D68700888B4C /* palsup.iosUITests */,
				2537824722F4D68500888B4C /* Products */,
				016DF0E8163E0582A870A9EA /* Pods */,
				11B34AEC0C3CF19CB765C7F6 /* Frameworks */,
			);
			sourceTree = "<group>";
		};
		2537824722F4D68500888B4C /* Products */ = {
			isa = PBXGroup;
			children = (
				2537824622F4D68500888B4C /* Palsup.app */,
				2537825D22F4D68600888B4C /* palsup.iosTests.xctest */,
				2537826822F4D68700888B4C /* palsup.iosUITests.xctest */,
			);
			name = Products;
			sourceTree = "<group>";
		};
		2537824822F4D68500888B4C /* palsup.ios */ = {
			isa = PBXGroup;
			children = (
				25E97E0C23EE713D007A9B9D /* GoogleService-Info.plist */,
				25969BC323EA700200B73FB9 /* palsup.ios.entitlements */,
				2567B42D23E661B600D98B5B /* Providers */,
				25E94A9723A7997300CEEEE2 /* Settings */,
				25DFA3A5237B9062001D0499 /* Extensions */,
				2555FD1A2375F4F30081545A /* Models */,
				25ED9B142368BFED0089C901 /* Utilities */,
				2577EF0E2304839300D9EA98 /* Controllers */,
				2537827E22F8E4FA00888B4C /* Views */,
				2537825822F4D68600888B4C /* Info.plist */,
				2537824922F4D68500888B4C /* AppDelegate.swift */,
				2537825322F4D68600888B4C /* Assets.xcassets */,
				2537825522F4D68600888B4C /* LaunchScreen.storyboard */,
				2537824D22F4D68500888B4C /* Main.storyboard */,
				2537825022F4D68500888B4C /* palsup_ios.xcdatamodeld */,
				25943DBC2383A2870011774C /* Errors.swift */,
			);
			path = palsup.ios;
			sourceTree = "<group>";
		};
		2537826022F4D68600888B4C /* palsup.iosTests */ = {
			isa = PBXGroup;
			children = (
				2537826122F4D68600888B4C /* palsup_iosTests.swift */,
				2537826322F4D68600888B4C /* Info.plist */,
			);
			path = palsup.iosTests;
			sourceTree = "<group>";
		};
		2537826B22F4D68700888B4C /* palsup.iosUITests */ = {
			isa = PBXGroup;
			children = (
				2537826C22F4D68700888B4C /* palsup_iosUITests.swift */,
				2537826E22F4D68700888B4C /* Info.plist */,
			);
			path = palsup.iosUITests;
			sourceTree = "<group>";
		};
		2537827E22F8E4FA00888B4C /* Views */ = {
			isa = PBXGroup;
			children = (
				2537827C22F8E00D00888B4C /* SearchButton.swift */,
				25ED9B1D236A297D0089C901 /* PalCollectionViewCell.swift */,
				25ED9B1F236A43020089C901 /* EventCollectionViewCell.swift */,
				25ED9B23236B8CB40089C901 /* UserDetailView.swift */,
				25648EB1236BCF32005FA0CD /* EventDetailView.swift */,
				25943DC22385E71F0011774C /* CardCollectionViewCell.swift */,
				250E98E4238DDBA800EFF82F /* LikeBarView.swift */,
				259587F923CE3F6900EBD8C7 /* CircleImageView.swift */,
				2595880923D7D18100EBD8C7 /* EventHeaderView.swift */,
				259902CF23DA35D60056132B /* AvatarBarView.swift */,
				258CBE9D23DF818400325E6C /* CircleLabel.swift */,
				2567B42B23E3A7B300D98B5B /* VoteBarView.swift */,
				250380582404D064000AB879 /* NotificationBadgeView.swift */,
				25191AD02431876E0055ABA1 /* EmptyPageView.swift */,
			);
			path = Views;
			sourceTree = "<group>";
		};
		254A7E6123EB56F200763ADF /* PushNotifications */ = {
			isa = PBXGroup;
			children = (
				254A7E6223EB63C200763ADF /* PushNotificationProvider.swift */,
			);
			path = PushNotifications;
			sourceTree = "<group>";
		};
		2555FD1A2375F4F30081545A /* Models */ = {
			isa = PBXGroup;
			children = (
				2555FD1B2375F6430081545A /* Model.swift */,
				250E98E8238E10A900EFF82F /* SignedInUser.swift */,
				25E97E1223FBCFCA007A9B9D /* APNSNotification.swift */,
			);
			path = Models;
			sourceTree = "<group>";
		};
		2567B42D23E661B600D98B5B /* Providers */ = {
			isa = PBXGroup;
			children = (
				254A7E6123EB56F200763ADF /* PushNotifications */,
				2567B42E23E661D200D98B5B /* Location */,
				2577EF192306152E00D9EA98 /* GraphQl */,
			);
			path = Providers;
			sourceTree = "<group>";
		};
		2567B42E23E661D200D98B5B /* Location */ = {
			isa = PBXGroup;
			children = (
				2567B42F23E6694D00D98B5B /* LocationManger.swift */,
			);
			path = Location;
			sourceTree = "<group>";
		};
		2577EF0E2304839300D9EA98 /* Controllers */ = {
			isa = PBXGroup;
			children = (
				2555FD1D23764E870081545A /* EventListViewController.swift */,
				2537824B22F4D68500888B4C /* SearchViewController.swift */,
				2577EF11230492C700D9EA98 /* SearchResultViewController.swift */,
				25ED9B21236B71330089C901 /* PalInfoViewController.swift */,
				25648EAF236BCE76005FA0CD /* EventInfoViewController.swift */,
				2555FD252379096E0081545A /* EventConversationViewController.swift */,
				25943DC02384FB4D0011774C /* PalListViewController.swift */,
				25E94A9E23AD46D900CEEEE2 /* InitialViewController.swift */,
				25E94AA023AD475200CEEEE2 /* SignInViewController.swift */,
				259587F623CCD99F00EBD8C7 /* EditProfileViewController.swift */,
				259587FB23D27F5100EBD8C7 /* SignUpViewController.swift */,
				2565654523B722A900B6C2F2 /* ImagePickerController.swift */,
				25BD3FD723BCCEE400801758 /* ImagePickerCropController.swift */,
				259587FD23D37A9C00EBD8C7 /* SignUpPhotoViewController.swift */,
				2595880123D3D8B800EBD8C7 /* SignUpBioViewController.swift */,
				2595880723D7842C00EBD8C7 /* EventPageViewController.swift */,
				259902D123DA5CE50056132B /* EditEventViewController.swift */,
				258CBE9F23E2A52E00325E6C /* AttendeesListViewController.swift */,
				2567B42923E3900500D98B5B /* UserInfoViewController.swift */,
				25E97E142401FEEE007A9B9D /* TabBarController.swift */,
			);
			path = Controllers;
			sourceTree = "<group>";
		};
		2577EF192306152E00D9EA98 /* GraphQl */ = {
			isa = PBXGroup;
			children = (
				2595880523D3F26500EBD8C7 /* GeneratedAPI.swift */,
				2577EF15230614F400D9EA98 /* GqlApi.graphql */,
				2577EF1C23061BB400D9EA98 /* GqlClient.swift */,
				25E97E0E23F65327007A9B9D /* GqlApiProvider.swift */,
			);
			path = GraphQl;
			sourceTree = "<group>";
		};
		25DFA3A5237B9062001D0499 /* Extensions */ = {
			isa = PBXGroup;
			children = (
				25DFA3A6237B90B3001D0499 /* UIColor+Extensions.swift */,
			);
			path = Extensions;
			sourceTree = "<group>";
		};
		25E94A9723A7997300CEEEE2 /* Settings */ = {
			isa = PBXGroup;
			children = (
				25E94A9823A79A6A00CEEEE2 /* UIStyle.swift */,
				25B8D63F23BF91F900023012 /* Settings.swift */,
				25105792240894D100867832 /* UIStyleExtenstions.swift */,
			);
			path = Settings;
			sourceTree = "<group>";
		};
		25ED9B142368BFED0089C901 /* Utilities */ = {
			isa = PBXGroup;
			children = (
				25ED9B152368C00E0089C901 /* Date.swift */,
				25BD3FD923BF387F00801758 /* ImageUploader.swift */,
				259902CD23D906F50056132B /* ImageDownloader.swift */,
			);
			path = Utilities;
			sourceTree = "<group>";
		};
/* End PBXGroup section */

/* Begin PBXNativeTarget section */
		2537824522F4D68500888B4C /* palsup.ios */ = {
			isa = PBXNativeTarget;
			buildConfigurationList = 2537827122F4D68700888B4C /* Build configuration list for PBXNativeTarget "palsup.ios" */;
			buildPhases = (
				B72951CB4778199B309F3D67 /* [CP] Check Pods Manifest.lock */,
				2577EF142305E05700D9EA98 /* Generate Apollo GraphQL API */,
				2537824222F4D68500888B4C /* Sources */,
				2537824322F4D68500888B4C /* Frameworks */,
				2537824422F4D68500888B4C /* Resources */,
				B7FEC9091E117B61A14C2335 /* [CP] Embed Pods Frameworks */,
			);
			buildRules = (
			);
			dependencies = (
			);
			name = palsup.ios;
			productName = palsup.ios;
			productReference = 2537824622F4D68500888B4C /* Palsup.app */;
			productType = "com.apple.product-type.application";
		};
		2537825C22F4D68600888B4C /* palsup.iosTests */ = {
			isa = PBXNativeTarget;
			buildConfigurationList = 2537827422F4D68700888B4C /* Build configuration list for PBXNativeTarget "palsup.iosTests" */;
			buildPhases = (
				E3F18C49F1DF6EE3DE089C22 /* [CP] Check Pods Manifest.lock */,
				2537825922F4D68600888B4C /* Sources */,
				2537825A22F4D68600888B4C /* Frameworks */,
				2537825B22F4D68600888B4C /* Resources */,
			);
			buildRules = (
			);
			dependencies = (
				2537825F22F4D68600888B4C /* PBXTargetDependency */,
			);
			name = palsup.iosTests;
			productName = palsup.iosTests;
			productReference = 2537825D22F4D68600888B4C /* palsup.iosTests.xctest */;
			productType = "com.apple.product-type.bundle.unit-test";
		};
		2537826722F4D68700888B4C /* palsup.iosUITests */ = {
			isa = PBXNativeTarget;
			buildConfigurationList = 2537827722F4D68700888B4C /* Build configuration list for PBXNativeTarget "palsup.iosUITests" */;
			buildPhases = (
				D67EC43D1C39D7754DA541CB /* [CP] Check Pods Manifest.lock */,
				2537826422F4D68700888B4C /* Sources */,
				2537826522F4D68700888B4C /* Frameworks */,
				2537826622F4D68700888B4C /* Resources */,
			);
			buildRules = (
			);
			dependencies = (
				2537826A22F4D68700888B4C /* PBXTargetDependency */,
			);
			name = palsup.iosUITests;
			productName = palsup.iosUITests;
			productReference = 2537826822F4D68700888B4C /* palsup.iosUITests.xctest */;
			productType = "com.apple.product-type.bundle.ui-testing";
		};
/* End PBXNativeTarget section */

/* Begin PBXProject section */
		2537823E22F4D68500888B4C /* Project object */ = {
			isa = PBXProject;
			attributes = {
				LastSwiftUpdateCheck = 1030;
				LastUpgradeCheck = 1030;
				ORGANIZATIONNAME = Deepnosis;
				TargetAttributes = {
					2537824522F4D68500888B4C = {
						CreatedOnToolsVersion = 10.3;
					};
					2537825C22F4D68600888B4C = {
						CreatedOnToolsVersion = 10.3;
						TestTargetID = 2537824522F4D68500888B4C;
					};
					2537826722F4D68700888B4C = {
						CreatedOnToolsVersion = 10.3;
						TestTargetID = 2537824522F4D68500888B4C;
					};
				};
			};
			buildConfigurationList = 2537824122F4D68500888B4C /* Build configuration list for PBXProject "palsup.ios" */;
			compatibilityVersion = "Xcode 9.3";
			developmentRegion = en;
			hasScannedForEncodings = 0;
			knownRegions = (
				en,
				Base,
			);
			mainGroup = 2537823D22F4D68500888B4C;
			productRefGroup = 2537824722F4D68500888B4C /* Products */;
			projectDirPath = "";
			projectRoot = "";
			targets = (
				2537824522F4D68500888B4C /* palsup.ios */,
				2537825C22F4D68600888B4C /* palsup.iosTests */,
				2537826722F4D68700888B4C /* palsup.iosUITests */,
			);
		};
/* End PBXProject section */

/* Begin PBXResourcesBuildPhase section */
		2537824422F4D68500888B4C /* Resources */ = {
			isa = PBXResourcesBuildPhase;
			buildActionMask = 2147483647;
			files = (
				2537825722F4D68600888B4C /* LaunchScreen.storyboard in Resources */,
				2537825422F4D68600888B4C /* Assets.xcassets in Resources */,
				2537824F22F4D68500888B4C /* Main.storyboard in Resources */,
				25E97E0D23EE713D007A9B9D /* GoogleService-Info.plist in Resources */,
			);
			runOnlyForDeploymentPostprocessing = 0;
		};
		2537825B22F4D68600888B4C /* Resources */ = {
			isa = PBXResourcesBuildPhase;
			buildActionMask = 2147483647;
			files = (
			);
			runOnlyForDeploymentPostprocessing = 0;
		};
		2537826622F4D68700888B4C /* Resources */ = {
			isa = PBXResourcesBuildPhase;
			buildActionMask = 2147483647;
			files = (
			);
			runOnlyForDeploymentPostprocessing = 0;
		};
/* End PBXResourcesBuildPhase section */

/* Begin PBXShellScriptBuildPhase section */
		2577EF142305E05700D9EA98 /* Generate Apollo GraphQL API */ = {
			isa = PBXShellScriptBuildPhase;
			buildActionMask = 2147483647;
			files = (
			);
			inputFileListPaths = (
			);
			inputPaths = (
			);
			name = "Generate Apollo GraphQL API";
			outputFileListPaths = (
			);
			outputPaths = (
			);
			runOnlyForDeploymentPostprocessing = 0;
			shellPath = /bin/sh;
			shellScript = "# Type a script or drag a script file from your workspace to insert its path.\nSCRIPT_PATH=\"${PODS_ROOT}/Apollo/scripts\"\ncd \"${SRCROOT}/${TARGET_NAME}\"\n\"${SCRIPT_PATH}\"/check-and-run-apollo-cli.sh codegen:generate --target=swift --includes=./**/*.graphql --localSchemaFile=\"schema.json\" Providers/GraphQl/GeneratedAPI.swift\n";
		};
		B72951CB4778199B309F3D67 /* [CP] Check Pods Manifest.lock */ = {
			isa = PBXShellScriptBuildPhase;
			buildActionMask = 2147483647;
			files = (
			);
			inputFileListPaths = (
			);
			inputPaths = (
				"${PODS_PODFILE_DIR_PATH}/Podfile.lock",
				"${PODS_ROOT}/Manifest.lock",
			);
			name = "[CP] Check Pods Manifest.lock";
			outputFileListPaths = (
			);
			outputPaths = (
				"$(DERIVED_FILE_DIR)/Pods-palsup.ios-checkManifestLockResult.txt",
			);
			runOnlyForDeploymentPostprocessing = 0;
			shellPath = /bin/sh;
			shellScript = "diff \"${PODS_PODFILE_DIR_PATH}/Podfile.lock\" \"${PODS_ROOT}/Manifest.lock\" > /dev/null\nif [ $? != 0 ] ; then\n    # print error to STDERR\n    echo \"error: The sandbox is not in sync with the Podfile.lock. Run 'pod install' or update your CocoaPods installation.\" >&2\n    exit 1\nfi\n# This output is used by Xcode 'outputs' to avoid re-running this script phase.\necho \"SUCCESS\" > \"${SCRIPT_OUTPUT_FILE_0}\"\n";
			showEnvVarsInLog = 0;
		};
		B7FEC9091E117B61A14C2335 /* [CP] Embed Pods Frameworks */ = {
			isa = PBXShellScriptBuildPhase;
			buildActionMask = 2147483647;
			files = (
			);
			inputFileListPaths = (
				"${PODS_ROOT}/Target Support Files/Pods-palsup.ios/Pods-palsup.ios-frameworks-${CONFIGURATION}-input-files.xcfilelist",
			);
			name = "[CP] Embed Pods Frameworks";
			outputFileListPaths = (
				"${PODS_ROOT}/Target Support Files/Pods-palsup.ios/Pods-palsup.ios-frameworks-${CONFIGURATION}-output-files.xcfilelist",
			);
			runOnlyForDeploymentPostprocessing = 0;
			shellPath = /bin/sh;
			shellScript = "\"${PODS_ROOT}/Target Support Files/Pods-palsup.ios/Pods-palsup.ios-frameworks.sh\"\n";
			showEnvVarsInLog = 0;
		};
		D67EC43D1C39D7754DA541CB /* [CP] Check Pods Manifest.lock */ = {
			isa = PBXShellScriptBuildPhase;
			buildActionMask = 2147483647;
			files = (
			);
			inputFileListPaths = (
			);
			inputPaths = (
				"${PODS_PODFILE_DIR_PATH}/Podfile.lock",
				"${PODS_ROOT}/Manifest.lock",
			);
			name = "[CP] Check Pods Manifest.lock";
			outputFileListPaths = (
			);
			outputPaths = (
				"$(DERIVED_FILE_DIR)/Pods-palsup.iosUITests-checkManifestLockResult.txt",
			);
			runOnlyForDeploymentPostprocessing = 0;
			shellPath = /bin/sh;
			shellScript = "diff \"${PODS_PODFILE_DIR_PATH}/Podfile.lock\" \"${PODS_ROOT}/Manifest.lock\" > /dev/null\nif [ $? != 0 ] ; then\n    # print error to STDERR\n    echo \"error: The sandbox is not in sync with the Podfile.lock. Run 'pod install' or update your CocoaPods installation.\" >&2\n    exit 1\nfi\n# This output is used by Xcode 'outputs' to avoid re-running this script phase.\necho \"SUCCESS\" > \"${SCRIPT_OUTPUT_FILE_0}\"\n";
			showEnvVarsInLog = 0;
		};
		E3F18C49F1DF6EE3DE089C22 /* [CP] Check Pods Manifest.lock */ = {
			isa = PBXShellScriptBuildPhase;
			buildActionMask = 2147483647;
			files = (
			);
			inputFileListPaths = (
			);
			inputPaths = (
				"${PODS_PODFILE_DIR_PATH}/Podfile.lock",
				"${PODS_ROOT}/Manifest.lock",
			);
			name = "[CP] Check Pods Manifest.lock";
			outputFileListPaths = (
			);
			outputPaths = (
				"$(DERIVED_FILE_DIR)/Pods-palsup.iosTests-checkManifestLockResult.txt",
			);
			runOnlyForDeploymentPostprocessing = 0;
			shellPath = /bin/sh;
			shellScript = "diff \"${PODS_PODFILE_DIR_PATH}/Podfile.lock\" \"${PODS_ROOT}/Manifest.lock\" > /dev/null\nif [ $? != 0 ] ; then\n    # print error to STDERR\n    echo \"error: The sandbox is not in sync with the Podfile.lock. Run 'pod install' or update your CocoaPods installation.\" >&2\n    exit 1\nfi\n# This output is used by Xcode 'outputs' to avoid re-running this script phase.\necho \"SUCCESS\" > \"${SCRIPT_OUTPUT_FILE_0}\"\n";
			showEnvVarsInLog = 0;
		};
/* End PBXShellScriptBuildPhase section */

/* Begin PBXSourcesBuildPhase section */
		2537824222F4D68500888B4C /* Sources */ = {
			isa = PBXSourcesBuildPhase;
			buildActionMask = 2147483647;
			files = (
				2595880A23D7D18400EBD8C7 /* EventHeaderView.swift in Sources */,
				259587F723CCD99F00EBD8C7 /* EditProfileViewController.swift in Sources */,
				2595880823D7842D00EBD8C7 /* EventPageViewController.swift in Sources */,
				25943DC12384FB4D0011774C /* PalListViewController.swift in Sources */,
				2567B42C23E3A7B300D98B5B /* VoteBarView.swift in Sources */,
				25E94A9F23AD46D900CEEEE2 /* InitialViewController.swift in Sources */,
				2567B42A23E3900500D98B5B /* UserInfoViewController.swift in Sources */,
				2555FD1E23764E870081545A /* EventListViewController.swift in Sources */,
				25E97E0F23F65327007A9B9D /* GqlApiProvider.swift in Sources */,
				25648EB2236BCF32005FA0CD /* EventDetailView.swift in Sources */,
				25648EB0236BCE76005FA0CD /* EventInfoViewController.swift in Sources */,
				2577EF16230614F400D9EA98 /* GqlApi.graphql in Sources */,
				25ED9B20236A43020089C901 /* EventCollectionViewCell.swift in Sources */,
				259587FA23CE3F6900EBD8C7 /* CircleImageView.swift in Sources */,
				250E98E5238DDBA800EFF82F /* LikeBarView.swift in Sources */,
				25ED9B1E236A297D0089C901 /* PalCollectionViewCell.swift in Sources */,
				2537824C22F4D68500888B4C /* SearchViewController.swift in Sources */,
				2567B43023E6694D00D98B5B /* LocationManger.swift in Sources */,
				25ED9B24236B8CB40089C901 /* UserDetailView.swift in Sources */,
				2555FD1C2375F6430081545A /* Model.swift in Sources */,
				25ED9B22236B71330089C901 /* PalInfoViewController.swift in Sources */,
				25DFA3A7237B90B3001D0499 /* UIColor+Extensions.swift in Sources */,
				25E94AA123AD475200CEEEE2 /* SignInViewController.swift in Sources */,
				25BD3FDA23BF387F00801758 /* ImageUploader.swift in Sources */,
				250E98E9238E10A900EFF82F /* SignedInUser.swift in Sources */,
				254A7E6323EB63C200763ADF /* PushNotificationProvider.swift in Sources */,
				2555FD262379096E0081545A /* EventConversationViewController.swift in Sources */,
				25191AD12431876E0055ABA1 /* EmptyPageView.swift in Sources */,
				2537824A22F4D68500888B4C /* AppDelegate.swift in Sources */,
				25943DC32385E7200011774C /* CardCollectionViewCell.swift in Sources */,
				25E97E1323FBCFCB007A9B9D /* APNSNotification.swift in Sources */,
				259587FC23D27F5100EBD8C7 /* SignUpViewController.swift in Sources */,
				2577EF12230492C700D9EA98 /* SearchResultViewController.swift in Sources */,
				2577EF1D23061BB400D9EA98 /* GqlClient.swift in Sources */,
				2537825222F4D68500888B4C /* palsup_ios.xcdatamodeld in Sources */,
				258CBEA023E2A52E00325E6C /* AttendeesListViewController.swift in Sources */,
				259902CE23D906F50056132B /* ImageDownloader.swift in Sources */,
				2565654623B722A900B6C2F2 /* ImagePickerController.swift in Sources */,
				2595880223D3D8B800EBD8C7 /* SignUpBioViewController.swift in Sources */,
				25105793240894D200867832 /* UIStyleExtenstions.swift in Sources */,
				25943DBD2383A2870011774C /* Errors.swift in Sources */,
				25B8D64023BF91F900023012 /* Settings.swift in Sources */,
				2537827D22F8E00D00888B4C /* SearchButton.swift in Sources */,
				258CBE9E23DF818400325E6C /* CircleLabel.swift in Sources */,
				259902D223DA5CE50056132B /* EditEventViewController.swift in Sources */,
				25E97E152401FEEE007A9B9D /* TabBarController.swift in Sources */,
				25E94A9923A79A6A00CEEEE2 /* UIStyle.swift in Sources */,
				259587FE23D37A9C00EBD8C7 /* SignUpPhotoViewController.swift in Sources */,
				25BD3FD823BCCEE400801758 /* ImagePickerCropController.swift in Sources */,
				250380592404D064000AB879 /* NotificationBadgeView.swift in Sources */,
				259902D023DA35D60056132B /* AvatarBarView.swift in Sources */,
				2595880623D3F26500EBD8C7 /* GeneratedAPI.swift in Sources */,
				25ED9B162368C00E0089C901 /* Date.swift in Sources */,
			);
			runOnlyForDeploymentPostprocessing = 0;
		};
		2537825922F4D68600888B4C /* Sources */ = {
			isa = PBXSourcesBuildPhase;
			buildActionMask = 2147483647;
			files = (
				2537826222F4D68600888B4C /* palsup_iosTests.swift in Sources */,
			);
			runOnlyForDeploymentPostprocessing = 0;
		};
		2537826422F4D68700888B4C /* Sources */ = {
			isa = PBXSourcesBuildPhase;
			buildActionMask = 2147483647;
			files = (
				2537826D22F4D68700888B4C /* palsup_iosUITests.swift in Sources */,
			);
			runOnlyForDeploymentPostprocessing = 0;
		};
/* End PBXSourcesBuildPhase section */

/* Begin PBXTargetDependency section */
		2537825F22F4D68600888B4C /* PBXTargetDependency */ = {
			isa = PBXTargetDependency;
			target = 2537824522F4D68500888B4C /* palsup.ios */;
			targetProxy = 2537825E22F4D68600888B4C /* PBXContainerItemProxy */;
		};
		2537826A22F4D68700888B4C /* PBXTargetDependency */ = {
			isa = PBXTargetDependency;
			target = 2537824522F4D68500888B4C /* palsup.ios */;
			targetProxy = 2537826922F4D68700888B4C /* PBXContainerItemProxy */;
		};
/* End PBXTargetDependency section */

/* Begin PBXVariantGroup section */
		2537824D22F4D68500888B4C /* Main.storyboard */ = {
			isa = PBXVariantGroup;
			children = (
				2537824E22F4D68500888B4C /* Base */,
			);
			name = Main.storyboard;
			sourceTree = "<group>";
		};
		2537825522F4D68600888B4C /* LaunchScreen.storyboard */ = {
			isa = PBXVariantGroup;
			children = (
				2537825622F4D68600888B4C /* Base */,
			);
			name = LaunchScreen.storyboard;
			sourceTree = "<group>";
		};
/* End PBXVariantGroup section */

/* Begin XCBuildConfiguration section */
		2537826F22F4D68700888B4C /* Debug */ = {
			isa = XCBuildConfiguration;
			buildSettings = {
				ALWAYS_SEARCH_USER_PATHS = NO;
				CLANG_ANALYZER_NONNULL = YES;
				CLANG_ANALYZER_NUMBER_OBJECT_CONVERSION = YES_AGGRESSIVE;
				CLANG_CXX_LANGUAGE_STANDARD = "gnu++14";
				CLANG_CXX_LIBRARY = "libc++";
				CLANG_ENABLE_MODULES = YES;
				CLANG_ENABLE_OBJC_ARC = YES;
				CLANG_ENABLE_OBJC_WEAK = YES;
				CLANG_WARN_BLOCK_CAPTURE_AUTORELEASING = YES;
				CLANG_WARN_BOOL_CONVERSION = YES;
				CLANG_WARN_COMMA = YES;
				CLANG_WARN_CONSTANT_CONVERSION = YES;
				CLANG_WARN_DEPRECATED_OBJC_IMPLEMENTATIONS = YES;
				CLANG_WARN_DIRECT_OBJC_ISA_USAGE = YES_ERROR;
				CLANG_WARN_DOCUMENTATION_COMMENTS = YES;
				CLANG_WARN_EMPTY_BODY = YES;
				CLANG_WARN_ENUM_CONVERSION = YES;
				CLANG_WARN_INFINITE_RECURSION = YES;
				CLANG_WARN_INT_CONVERSION = YES;
				CLANG_WARN_NON_LITERAL_NULL_CONVERSION = YES;
				CLANG_WARN_OBJC_IMPLICIT_RETAIN_SELF = YES;
				CLANG_WARN_OBJC_LITERAL_CONVERSION = YES;
				CLANG_WARN_OBJC_ROOT_CLASS = YES_ERROR;
				CLANG_WARN_RANGE_LOOP_ANALYSIS = YES;
				CLANG_WARN_STRICT_PROTOTYPES = YES;
				CLANG_WARN_SUSPICIOUS_MOVE = YES;
				CLANG_WARN_UNGUARDED_AVAILABILITY = YES_AGGRESSIVE;
				CLANG_WARN_UNREACHABLE_CODE = YES;
				CLANG_WARN__DUPLICATE_METHOD_MATCH = YES;
				CODE_SIGN_IDENTITY = "iPhone Developer";
				COPY_PHASE_STRIP = NO;
				DEBUG_INFORMATION_FORMAT = dwarf;
				ENABLE_STRICT_OBJC_MSGSEND = YES;
				ENABLE_TESTABILITY = YES;
				GCC_C_LANGUAGE_STANDARD = gnu11;
				GCC_DYNAMIC_NO_PIC = NO;
				GCC_NO_COMMON_BLOCKS = YES;
				GCC_OPTIMIZATION_LEVEL = 0;
				GCC_PREPROCESSOR_DEFINITIONS = (
					"DEBUG=1",
					"$(inherited)",
				);
				GCC_WARN_64_TO_32_BIT_CONVERSION = YES;
				GCC_WARN_ABOUT_RETURN_TYPE = YES_ERROR;
				GCC_WARN_UNDECLARED_SELECTOR = YES;
				GCC_WARN_UNINITIALIZED_AUTOS = YES_AGGRESSIVE;
				GCC_WARN_UNUSED_FUNCTION = YES;
				GCC_WARN_UNUSED_VARIABLE = YES;
				IPHONEOS_DEPLOYMENT_TARGET = 12.2;
				MTL_ENABLE_DEBUG_INFO = INCLUDE_SOURCE;
				MTL_FAST_MATH = YES;
				ONLY_ACTIVE_ARCH = YES;
				SDKROOT = iphoneos;
				SWIFT_ACTIVE_COMPILATION_CONDITIONS = DEBUG;
				SWIFT_OPTIMIZATION_LEVEL = "-Onone";
			};
			name = Debug;
		};
		2537827022F4D68700888B4C /* Release */ = {
			isa = XCBuildConfiguration;
			buildSettings = {
				ALWAYS_SEARCH_USER_PATHS = NO;
				CLANG_ANALYZER_NONNULL = YES;
				CLANG_ANALYZER_NUMBER_OBJECT_CONVERSION = YES_AGGRESSIVE;
				CLANG_CXX_LANGUAGE_STANDARD = "gnu++14";
				CLANG_CXX_LIBRARY = "libc++";
				CLANG_ENABLE_MODULES = YES;
				CLANG_ENABLE_OBJC_ARC = YES;
				CLANG_ENABLE_OBJC_WEAK = YES;
				CLANG_WARN_BLOCK_CAPTURE_AUTORELEASING = YES;
				CLANG_WARN_BOOL_CONVERSION = YES;
				CLANG_WARN_COMMA = YES;
				CLANG_WARN_CONSTANT_CONVERSION = YES;
				CLANG_WARN_DEPRECATED_OBJC_IMPLEMENTATIONS = YES;
				CLANG_WARN_DIRECT_OBJC_ISA_USAGE = YES_ERROR;
				CLANG_WARN_DOCUMENTATION_COMMENTS = YES;
				CLANG_WARN_EMPTY_BODY = YES;
				CLANG_WARN_ENUM_CONVERSION = YES;
				CLANG_WARN_INFINITE_RECURSION = YES;
				CLANG_WARN_INT_CONVERSION = YES;
				CLANG_WARN_NON_LITERAL_NULL_CONVERSION = YES;
				CLANG_WARN_OBJC_IMPLICIT_RETAIN_SELF = YES;
				CLANG_WARN_OBJC_LITERAL_CONVERSION = YES;
				CLANG_WARN_OBJC_ROOT_CLASS = YES_ERROR;
				CLANG_WARN_RANGE_LOOP_ANALYSIS = YES;
				CLANG_WARN_STRICT_PROTOTYPES = YES;
				CLANG_WARN_SUSPICIOUS_MOVE = YES;
				CLANG_WARN_UNGUARDED_AVAILABILITY = YES_AGGRESSIVE;
				CLANG_WARN_UNREACHABLE_CODE = YES;
				CLANG_WARN__DUPLICATE_METHOD_MATCH = YES;
				CODE_SIGN_IDENTITY = "iPhone Developer";
				COPY_PHASE_STRIP = NO;
				DEBUG_INFORMATION_FORMAT = "dwarf-with-dsym";
				ENABLE_NS_ASSERTIONS = NO;
				ENABLE_STRICT_OBJC_MSGSEND = YES;
				GCC_C_LANGUAGE_STANDARD = gnu11;
				GCC_NO_COMMON_BLOCKS = YES;
				GCC_WARN_64_TO_32_BIT_CONVERSION = YES;
				GCC_WARN_ABOUT_RETURN_TYPE = YES_ERROR;
				GCC_WARN_UNDECLARED_SELECTOR = YES;
				GCC_WARN_UNINITIALIZED_AUTOS = YES_AGGRESSIVE;
				GCC_WARN_UNUSED_FUNCTION = YES;
				GCC_WARN_UNUSED_VARIABLE = YES;
				IPHONEOS_DEPLOYMENT_TARGET = 12.2;
				MTL_ENABLE_DEBUG_INFO = NO;
				MTL_FAST_MATH = YES;
				SDKROOT = iphoneos;
				SWIFT_COMPILATION_MODE = wholemodule;
				SWIFT_OPTIMIZATION_LEVEL = "-O";
				VALIDATE_PRODUCT = YES;
			};
			name = Release;
		};
		2537827222F4D68700888B4C /* Debug */ = {
			isa = XCBuildConfiguration;
			baseConfigurationReference = EB8C7EFCE352527286EB71EF /* Pods-palsup.ios.debug.xcconfig */;
			buildSettings = {
				ASSETCATALOG_COMPILER_APPICON_NAME = AppIcon;
				CODE_SIGN_ENTITLEMENTS = palsup.ios/palsup.ios.entitlements;
				CODE_SIGN_IDENTITY = "Apple Development";
				CODE_SIGN_STYLE = Automatic;
				DEVELOPMENT_TEAM = UU854M9D3Y;
				INFOPLIST_FILE = palsup.ios/Info.plist;
				IPHONEOS_DEPLOYMENT_TARGET = 11.0;
				LD_RUNPATH_SEARCH_PATHS = (
					"$(inherited)",
					"@executable_path/Frameworks",
				);
				PRODUCT_BUNDLE_IDENTIFIER = com.palsup.palsup;
				PRODUCT_NAME = Palsup;
				PROVISIONING_PROFILE_SPECIFIER = "";
				SWIFT_VERSION = 5.0;
				TARGETED_DEVICE_FAMILY = "1,2";
			};
			name = Debug;
		};
		2537827322F4D68700888B4C /* Release */ = {
			isa = XCBuildConfiguration;
			baseConfigurationReference = 6EFD74B1C7604738374F6787 /* Pods-palsup.ios.release.xcconfig */;
			buildSettings = {
				ASSETCATALOG_COMPILER_APPICON_NAME = AppIcon;
				CODE_SIGN_ENTITLEMENTS = palsup.ios/palsup.ios.entitlements;
				CODE_SIGN_IDENTITY = "Apple Development";
				CODE_SIGN_STYLE = Automatic;
				DEVELOPMENT_TEAM = UU854M9D3Y;
				INFOPLIST_FILE = palsup.ios/Info.plist;
				IPHONEOS_DEPLOYMENT_TARGET = 11.0;
				LD_RUNPATH_SEARCH_PATHS = (
					"$(inherited)",
					"@executable_path/Frameworks",
				);
				PRODUCT_BUNDLE_IDENTIFIER = com.palsup.palsup;
				PRODUCT_NAME = Palsup;
				PROVISIONING_PROFILE_SPECIFIER = "";
				SWIFT_VERSION = 5.0;
				TARGETED_DEVICE_FAMILY = "1,2";
			};
			name = Release;
		};
		2537827522F4D68700888B4C /* Debug */ = {
			isa = XCBuildConfiguration;
			baseConfigurationReference = B3A04A42FAB424303D87D39C /* Pods-palsup.iosTests.debug.xcconfig */;
			buildSettings = {
				ALWAYS_EMBED_SWIFT_STANDARD_LIBRARIES = YES;
				BUNDLE_LOADER = "$(TEST_HOST)";
				CODE_SIGN_STYLE = Automatic;
				DEVELOPMENT_TEAM = 8AZ393UALW;
				INFOPLIST_FILE = palsup.iosTests/Info.plist;
				LD_RUNPATH_SEARCH_PATHS = (
					"$(inherited)",
					"@executable_path/Frameworks",
					"@loader_path/Frameworks",
				);
				PRODUCT_BUNDLE_IDENTIFIER = "com.deepnosis.palsup.ios.palsup-iosTests";
				PRODUCT_NAME = "$(TARGET_NAME)";
				SWIFT_VERSION = 5.0;
				TARGETED_DEVICE_FAMILY = "1,2";
				TEST_HOST = "$(BUILT_PRODUCTS_DIR)/palsup.ios.app/palsup.ios";
			};
			name = Debug;
		};
		2537827622F4D68700888B4C /* Release */ = {
			isa = XCBuildConfiguration;
			baseConfigurationReference = D13AA8664961FA7D4BB5AC05 /* Pods-palsup.iosTests.release.xcconfig */;
			buildSettings = {
				ALWAYS_EMBED_SWIFT_STANDARD_LIBRARIES = YES;
				BUNDLE_LOADER = "$(TEST_HOST)";
				CODE_SIGN_STYLE = Automatic;
				DEVELOPMENT_TEAM = 8AZ393UALW;
				INFOPLIST_FILE = palsup.iosTests/Info.plist;
				LD_RUNPATH_SEARCH_PATHS = (
					"$(inherited)",
					"@executable_path/Frameworks",
					"@loader_path/Frameworks",
				);
				PRODUCT_BUNDLE_IDENTIFIER = "com.deepnosis.palsup.ios.palsup-iosTests";
				PRODUCT_NAME = "$(TARGET_NAME)";
				SWIFT_VERSION = 5.0;
				TARGETED_DEVICE_FAMILY = "1,2";
				TEST_HOST = "$(BUILT_PRODUCTS_DIR)/palsup.ios.app/palsup.ios";
			};
			name = Release;
		};
		2537827822F4D68700888B4C /* Debug */ = {
			isa = XCBuildConfiguration;
			baseConfigurationReference = 65263BB83FFC69A6F1444DAA /* Pods-palsup.iosUITests.debug.xcconfig */;
			buildSettings = {
				ALWAYS_EMBED_SWIFT_STANDARD_LIBRARIES = YES;
				CODE_SIGN_STYLE = Automatic;
				DEVELOPMENT_TEAM = 8AZ393UALW;
				INFOPLIST_FILE = palsup.iosUITests/Info.plist;
				LD_RUNPATH_SEARCH_PATHS = (
					"$(inherited)",
					"@executable_path/Frameworks",
					"@loader_path/Frameworks",
				);
				PRODUCT_BUNDLE_IDENTIFIER = "com.deepnosis.palsup.ios.palsup-iosUITests";
				PRODUCT_NAME = "$(TARGET_NAME)";
				SWIFT_VERSION = 5.0;
				TARGETED_DEVICE_FAMILY = "1,2";
				TEST_TARGET_NAME = palsup.ios;
			};
			name = Debug;
		};
		2537827922F4D68700888B4C /* Release */ = {
			isa = XCBuildConfiguration;
			baseConfigurationReference = 8532107F3546F8A8A0C73F93 /* Pods-palsup.iosUITests.release.xcconfig */;
			buildSettings = {
				ALWAYS_EMBED_SWIFT_STANDARD_LIBRARIES = YES;
				CODE_SIGN_STYLE = Automatic;
				DEVELOPMENT_TEAM = 8AZ393UALW;
				INFOPLIST_FILE = palsup.iosUITests/Info.plist;
				LD_RUNPATH_SEARCH_PATHS = (
					"$(inherited)",
					"@executable_path/Frameworks",
					"@loader_path/Frameworks",
				);
				PRODUCT_BUNDLE_IDENTIFIER = "com.deepnosis.palsup.ios.palsup-iosUITests";
				PRODUCT_NAME = "$(TARGET_NAME)";
				SWIFT_VERSION = 5.0;
				TARGETED_DEVICE_FAMILY = "1,2";
				TEST_TARGET_NAME = palsup.ios;
			};
			name = Release;
		};
/* End XCBuildConfiguration section */

/* Begin XCConfigurationList section */
		2537824122F4D68500888B4C /* Build configuration list for PBXProject "palsup.ios" */ = {
			isa = XCConfigurationList;
			buildConfigurations = (
				2537826F22F4D68700888B4C /* Debug */,
				2537827022F4D68700888B4C /* Release */,
			);
			defaultConfigurationIsVisible = 0;
			defaultConfigurationName = Release;
		};
		2537827122F4D68700888B4C /* Build configuration list for PBXNativeTarget "palsup.ios" */ = {
			isa = XCConfigurationList;
			buildConfigurations = (
				2537827222F4D68700888B4C /* Debug */,
				2537827322F4D68700888B4C /* Release */,
			);
			defaultConfigurationIsVisible = 0;
			defaultConfigurationName = Release;
		};
		2537827422F4D68700888B4C /* Build configuration list for PBXNativeTarget "palsup.iosTests" */ = {
			isa = XCConfigurationList;
			buildConfigurations = (
				2537827522F4D68700888B4C /* Debug */,
				2537827622F4D68700888B4C /* Release */,
			);
			defaultConfigurationIsVisible = 0;
			defaultConfigurationName = Release;
		};
		2537827722F4D68700888B4C /* Build configuration list for PBXNativeTarget "palsup.iosUITests" */ = {
			isa = XCConfigurationList;
			buildConfigurations = (
				2537827822F4D68700888B4C /* Debug */,
				2537827922F4D68700888B4C /* Release */,
			);
			defaultConfigurationIsVisible = 0;
			defaultConfigurationName = Release;
		};
/* End XCConfigurationList section */

/* Begin XCVersionGroup section */
		2537825022F4D68500888B4C /* palsup_ios.xcdatamodeld */ = {
			isa = XCVersionGroup;
			children = (
				2537825122F4D68500888B4C /* palsup_ios.xcdatamodel */,
			);
			currentVersion = 2537825122F4D68500888B4C /* palsup_ios.xcdatamodel */;
			path = palsup_ios.xcdatamodeld;
			sourceTree = "<group>";
			versionGroupType = wrapper.xcdatamodel;
		};
/* End XCVersionGroup section */
	};
	rootObject = 2537823E22F4D68500888B4C /* Project object */;
}
